
Microsoft Visual Studio Solution File, Format Version 12.00
# Visual Studio Version 17
VisualStudioVersion = 17.6.33712.159
MinimumVisualStudioVersion = 10.0.40219.1
Project("{FAE04EC0-301F-11D3-BF4B-00C04F79EFBC}") = "Shape", "Shape.csproj", "{D91A63C0-D0BF-4B4A-AC7F-5FF114BF6F28}"
EndProject
Global
	GlobalSection(SolutionConfigurationPlatforms) = preSolution
		Debug|Any CPU = Debug|Any CPU
		Release|Any CPU = Release|Any CPU
	EndGlobalSection
	GlobalSection(ProjectConfigurationPlatforms) = postSolution
		{D91A63C0-D0BF-4B4A-AC7F-5FF114BF6F28}.Debug|Any CPU.ActiveCfg = Debug|Any CPU
		{D91A63C0-D0BF-4B4A-AC7F-5FF114BF6F28}.Debug|Any CPU.Build.0 = Debug|Any CPU
		{D91A63C0-D0BF-4B4A-AC7F-5FF114BF6F28}.Release|Any CPU.ActiveCfg = Release|Any CPU
		{D91A63C0-D0BF-4B4A-AC7F-5FF114BF6F28}.Release|Any CPU.Build.0 = Release|Any CPU
	EndGlobalSection
	GlobalSection(SolutionProperties) = preSolution
		HideSolutionNode = FALSE
	EndGlobalSection
	GlobalSection(ExtensibilityGlobals) = postSolution
		SolutionGuid = {0B5A0C49-1F73-4F65-BD62-9FF1F07699A2}
	EndGlobalSection
EndGlobal
