
Microsoft Visual Studio Solution File, Format Version 12.00
# Visual Studio Version 17
VisualStudioVersion = 17.6.33712.159
MinimumVisualStudioVersion = 10.0.40219.1
Project("{9A19103F-16F7-4668-BE54-9A1E7A4F7556}") = "assignment5", "assignment5.csproj", "{C1B82F50-F433-4139-8FDA-E475277603D3}"
EndProject
Project("{FAE04EC0-301F-11D3-BF4B-00C04F79EFBC}") = "assignment5_test", "..\assignment5_test\assignment5_test.csproj", "{2327576F-1A8D-4F2F-A9E9-5AE6552E74C5}"
EndProject
Global
	GlobalSection(SolutionConfigurationPlatforms) = preSolution
		Debug|Any CPU = Debug|Any CPU
		Release|Any CPU = Release|Any CPU
	EndGlobalSection
	GlobalSection(ProjectConfigurationPlatforms) = postSolution
		{C1B82F50-F433-4139-8FDA-E475277603D3}.Debug|Any CPU.ActiveCfg = Debug|Any CPU
		{C1B82F50-F433-4139-8FDA-E475277603D3}.Debug|Any CPU.Build.0 = Debug|Any CPU
		{C1B82F50-F433-4139-8FDA-E475277603D3}.Release|Any CPU.ActiveCfg = Release|Any CPU
		{C1B82F50-F433-4139-8FDA-E475277603D3}.Release|Any CPU.Build.0 = Release|Any CPU
		{2327576F-1A8D-4F2F-A9E9-5AE6552E74C5}.Debug|Any CPU.ActiveCfg = Debug|Any CPU
		{2327576F-1A8D-4F2F-A9E9-5AE6552E74C5}.Debug|Any CPU.Build.0 = Debug|Any CPU
		{2327576F-1A8D-4F2F-A9E9-5AE6552E74C5}.Release|Any CPU.ActiveCfg = Release|Any CPU
		{2327576F-1A8D-4F2F-A9E9-5AE6552E74C5}.Release|Any CPU.Build.0 = Release|Any CPU
	EndGlobalSection
	GlobalSection(SolutionProperties) = preSolution
		HideSolutionNode = FALSE
	EndGlobalSection
	GlobalSection(ExtensibilityGlobals) = postSolution
		SolutionGuid = {9AE1C6FE-72DA-4CFC-AB44-A843F378E592}
	EndGlobalSection
EndGlobal
